// !$*UTF8*$!
{
	archiveVersion = 1;
	classes = {
	};
	objectVersion = 48;
	objects = {

/* Begin PBXBuildFile section */
		D98280C320154ADC00708CDB /* Dependencies.framework in Frameworks */ = {isa = PBXBuildFile; fileRef = D98280C420154ADC00708CDB /* Dependencies.framework */; };
		D98280CA20154B3C00708CDB /* NetworkRequest.swift in Sources */ = {isa = PBXBuildFile; fileRef = D98280C620154B3C00708CDB /* NetworkRequest.swift */; };
		D98280CB20154B3C00708CDB /* main.swift in Sources */ = {isa = PBXBuildFile; fileRef = D98280C720154B3C00708CDB /* main.swift */; };
		D98280CC20154B3C00708CDB /* FetchHistoricalTrades.swift in Sources */ = {isa = PBXBuildFile; fileRef = D98280C820154B3C00708CDB /* FetchHistoricalTrades.swift */; };
		D98280CD20154B3C00708CDB /* Alamofire+Promise.swift in Sources */ = {isa = PBXBuildFile; fileRef = D98280C920154B3C00708CDB /* Alamofire+Promise.swift */; };
		D98280D920154C9A00708CDB /* EventProducerUtilities.swift in Sources */ = {isa = PBXBuildFile; fileRef = D98280D820154C9A00708CDB /* EventProducerUtilities.swift */; };
/* End PBXBuildFile section */

/* Begin PBXCopyFilesBuildPhase section */
		D982807D2015491C00708CDB /* CopyFiles */ = {
			isa = PBXCopyFilesBuildPhase;
			buildActionMask = 2147483647;
			dstPath = /usr/share/man/man1/;
			dstSubfolderSpec = 0;
			files = (
			);
			runOnlyForDeploymentPostprocessing = 1;
		};
/* End PBXCopyFilesBuildPhase section */

/* Begin PBXFileReference section */
		D982807F2015491C00708CDB /* CryptoBot */ = {isa = PBXFileReference; explicitFileType = "compiled.mach-o.executable"; includeInIndex = 0; path = CryptoBot; sourceTree = BUILT_PRODUCTS_DIR; };
		D98280C420154ADC00708CDB /* Dependencies.framework */ = {isa = PBXFileReference; explicitFileType = wrapper.framework; path = Dependencies.framework; sourceTree = BUILT_PRODUCTS_DIR; };
		D98280C520154B3B00708CDB /* CryptoBot-Bridging-Header.h */ = {isa = PBXFileReference; lastKnownFileType = sourcecode.c.h; path = "CryptoBot-Bridging-Header.h"; sourceTree = "<group>"; };
		D98280C620154B3C00708CDB /* NetworkRequest.swift */ = {isa = PBXFileReference; fileEncoding = 4; lastKnownFileType = sourcecode.swift; path = NetworkRequest.swift; sourceTree = "<group>"; };
		D98280C720154B3C00708CDB /* main.swift */ = {isa = PBXFileReference; fileEncoding = 4; lastKnownFileType = sourcecode.swift; path = main.swift; sourceTree = "<group>"; };
		D98280C820154B3C00708CDB /* FetchHistoricalTrades.swift */ = {isa = PBXFileReference; fileEncoding = 4; lastKnownFileType = sourcecode.swift; path = FetchHistoricalTrades.swift; sourceTree = "<group>"; };
		D98280C920154B3C00708CDB /* Alamofire+Promise.swift */ = {isa = PBXFileReference; fileEncoding = 4; lastKnownFileType = sourcecode.swift; path = "Alamofire+Promise.swift"; sourceTree = "<group>"; };
		D98280D820154C9A00708CDB /* EventProducerUtilities.swift */ = {isa = PBXFileReference; fileEncoding = 4; lastKnownFileType = sourcecode.swift; path = EventProducerUtilities.swift; sourceTree = "<group>"; };
/* End PBXFileReference section */

/* Begin PBXFrameworksBuildPhase section */
		D982807C2015491C00708CDB /* Frameworks */ = {
			isa = PBXFrameworksBuildPhase;
			buildActionMask = 2147483647;
			files = (
				D98280C320154ADC00708CDB /* Dependencies.framework in Frameworks */,
			);
			runOnlyForDeploymentPostprocessing = 0;
		};
/* End PBXFrameworksBuildPhase section */

/* Begin PBXGroup section */
		D98280762015491C00708CDB = {
			isa = PBXGroup;
			children = (
				D98280812015491C00708CDB /* CryptoBot */,
				D98280802015491C00708CDB /* Products */,
				D98280C220154ADC00708CDB /* Frameworks */,
			);
			sourceTree = "<group>";
		};
		D98280802015491C00708CDB /* Products */ = {
			isa = PBXGroup;
			children = (
				D982807F2015491C00708CDB /* CryptoBot */,
			);
			name = Products;
			sourceTree = "<group>";
		};
		D98280812015491C00708CDB /* CryptoBot */ = {
			isa = PBXGroup;
			children = (
				D98280C920154B3C00708CDB /* Alamofire+Promise.swift */,
				D98280C820154B3C00708CDB /* FetchHistoricalTrades.swift */,
				D98280C720154B3C00708CDB /* main.swift */,
				D98280C620154B3C00708CDB /* NetworkRequest.swift */,
				D98280C520154B3B00708CDB /* CryptoBot-Bridging-Header.h */,
				D98280D820154C9A00708CDB /* EventProducerUtilities.swift */,
			);
			path = CryptoBot;
			sourceTree = "<group>";
		};
		D98280C220154ADC00708CDB /* Frameworks */ = {
			isa = PBXGroup;
			children = (
				D98280C420154ADC00708CDB /* Dependencies.framework */,
			);
			name = Frameworks;
			sourceTree = "<group>";
		};
/* End PBXGroup section */

/* Begin PBXNativeTarget section */
		D982807E2015491C00708CDB /* CryptoBot */ = {
			isa = PBXNativeTarget;
			buildConfigurationList = D98280862015491C00708CDB /* Build configuration list for PBXNativeTarget "CryptoBot" */;
			buildPhases = (
				D982807B2015491C00708CDB /* Sources */,
				D982807C2015491C00708CDB /* Frameworks */,
				D982807D2015491C00708CDB /* CopyFiles */,
			);
			buildRules = (
			);
			dependencies = (
			);
			name = CryptoBot;
			productName = CryptoBot;
			productReference = D982807F2015491C00708CDB /* CryptoBot */;
			productType = "com.apple.product-type.tool";
		};
/* End PBXNativeTarget section */

/* Begin PBXProject section */
		D98280772015491C00708CDB /* Project object */ = {
			isa = PBXProject;
			attributes = {
				LastSwiftUpdateCheck = 0920;
				LastUpgradeCheck = 0920;
				ORGANIZATIONNAME = "Lost In Flight";
				TargetAttributes = {
					D982807E2015491C00708CDB = {
						CreatedOnToolsVersion = 9.2;
						LastSwiftMigration = 0920;
						ProvisioningStyle = Automatic;
					};
				};
			};
			buildConfigurationList = D982807A2015491C00708CDB /* Build configuration list for PBXProject "CryptoBot" */;
			compatibilityVersion = "Xcode 8.0";
			developmentRegion = en;
			hasScannedForEncodings = 0;
			knownRegions = (
				en,
			);
			mainGroup = D98280762015491C00708CDB;
			productRefGroup = D98280802015491C00708CDB /* Products */;
			projectDirPath = "";
			projectRoot = "";
			targets = (
				D982807E2015491C00708CDB /* CryptoBot */,
			);
		};
/* End PBXProject section */

/* Begin PBXSourcesBuildPhase section */
		D982807B2015491C00708CDB /* Sources */ = {
			isa = PBXSourcesBuildPhase;
			buildActionMask = 2147483647;
			files = (
				D98280D920154C9A00708CDB /* EventProducerUtilities.swift in Sources */,
				D98280CD20154B3C00708CDB /* Alamofire+Promise.swift in Sources */,
				D98280CC20154B3C00708CDB /* FetchHistoricalTrades.swift in Sources */,
				D98280CB20154B3C00708CDB /* main.swift in Sources */,
				D98280CA20154B3C00708CDB /* NetworkRequest.swift in Sources */,
			);
			runOnlyForDeploymentPostprocessing = 0;
		};
/* End PBXSourcesBuildPhase section */

/* Begin XCBuildConfiguration section */
		D98280842015491C00708CDB /* Debug */ = {
			isa = XCBuildConfiguration;
			buildSettings = {
				ALWAYS_SEARCH_USER_PATHS = NO;
				CLANG_ANALYZER_NONNULL = YES;
				CLANG_ANALYZER_NUMBER_OBJECT_CONVERSION = YES_AGGRESSIVE;
				CLANG_CXX_LANGUAGE_STANDARD = "gnu++14";
				CLANG_CXX_LIBRARY = "libc++";
				CLANG_ENABLE_MODULES = YES;
				CLANG_ENABLE_OBJC_ARC = YES;
				CLANG_WARN_BLOCK_CAPTURE_AUTORELEASING = YES;
				CLANG_WARN_BOOL_CONVERSION = YES;
				CLANG_WARN_COMMA = YES;
				CLANG_WARN_CONSTANT_CONVERSION = YES;
				CLANG_WARN_DIRECT_OBJC_ISA_USAGE = YES_ERROR;
				CLANG_WARN_DOCUMENTATION_COMMENTS = YES;
				CLANG_WARN_EMPTY_BODY = YES;
				CLANG_WARN_ENUM_CONVERSION = YES;
				CLANG_WARN_INFINITE_RECURSION = YES;
				CLANG_WARN_INT_CONVERSION = YES;
				CLANG_WARN_NON_LITERAL_NULL_CONVERSION = YES;
				CLANG_WARN_OBJC_LITERAL_CONVERSION = YES;
				CLANG_WARN_OBJC_ROOT_CLASS = YES_ERROR;
				CLANG_WARN_RANGE_LOOP_ANALYSIS = YES;
				CLANG_WARN_STRICT_PROTOTYPES = YES;
				CLANG_WARN_SUSPICIOUS_MOVE = YES;
				CLANG_WARN_UNGUARDED_AVAILABILITY = YES_AGGRESSIVE;
				CLANG_WARN_UNREACHABLE_CODE = YES;
				CLANG_WARN__DUPLICATE_METHOD_MATCH = YES;
				CODE_SIGN_IDENTITY = "Mac Developer";
				COPY_PHASE_STRIP = NO;
				DEBUG_INFORMATION_FORMAT = dwarf;
				ENABLE_STRICT_OBJC_MSGSEND = YES;
				ENABLE_TESTABILITY = YES;
				GCC_C_LANGUAGE_STANDARD = gnu11;
				GCC_DYNAMIC_NO_PIC = NO;
				GCC_NO_COMMON_BLOCKS = YES;
				GCC_OPTIMIZATION_LEVEL = 0;
				GCC_PREPROCESSOR_DEFINITIONS = (
					"DEBUG=1",
					"$(inherited)",
				);
				GCC_WARN_64_TO_32_BIT_CONVERSION = YES;
				GCC_WARN_ABOUT_RETURN_TYPE = YES_ERROR;
				GCC_WARN_UNDECLARED_SELECTOR = YES;
				GCC_WARN_UNINITIALIZED_AUTOS = YES_AGGRESSIVE;
				GCC_WARN_UNUSED_FUNCTION = YES;
				GCC_WARN_UNUSED_VARIABLE = YES;
				MACOSX_DEPLOYMENT_TARGET = 10.13;
				MTL_ENABLE_DEBUG_INFO = YES;
				ONLY_ACTIVE_ARCH = YES;
				SDKROOT = macosx;
				SWIFT_ACTIVE_COMPILATION_CONDITIONS = DEBUG;
				SWIFT_OPTIMIZATION_LEVEL = "-Onone";
			};
			name = Debug;
		};
		D98280852015491C00708CDB /* Release */ = {
			isa = XCBuildConfiguration;
			buildSettings = {
				ALWAYS_SEARCH_USER_PATHS = NO;
				CLANG_ANALYZER_NONNULL = YES;
				CLANG_ANALYZER_NUMBER_OBJECT_CONVERSION = YES_AGGRESSIVE;
				CLANG_CXX_LANGUAGE_STANDARD = "gnu++14";
				CLANG_CXX_LIBRARY = "libc++";
				CLANG_ENABLE_MODULES = YES;
				CLANG_ENABLE_OBJC_ARC = YES;
				CLANG_WARN_BLOCK_CAPTURE_AUTORELEASING = YES;
				CLANG_WARN_BOOL_CONVERSION = YES;
				CLANG_WARN_COMMA = YES;
				CLANG_WARN_CONSTANT_CONVERSION = YES;
				CLANG_WARN_DIRECT_OBJC_ISA_USAGE = YES_ERROR;
				CLANG_WARN_DOCUMENTATION_COMMENTS = YES;
				CLANG_WARN_EMPTY_BODY = YES;
				CLANG_WARN_ENUM_CONVERSION = YES;
				CLANG_WARN_INFINITE_RECURSION = YES;
				CLANG_WARN_INT_CONVERSION = YES;
				CLANG_WARN_NON_LITERAL_NULL_CONVERSION = YES;
				CLANG_WARN_OBJC_LITERAL_CONVERSION = YES;
				CLANG_WARN_OBJC_ROOT_CLASS = YES_ERROR;
				CLANG_WARN_RANGE_LOOP_ANALYSIS = YES;
				CLANG_WARN_STRICT_PROTOTYPES = YES;
				CLANG_WARN_SUSPICIOUS_MOVE = YES;
				CLANG_WARN_UNGUARDED_AVAILABILITY = YES_AGGRESSIVE;
				CLANG_WARN_UNREACHABLE_CODE = YES;
				CLANG_WARN__DUPLICATE_METHOD_MATCH = YES;
				CODE_SIGN_IDENTITY = "Mac Developer";
				COPY_PHASE_STRIP = NO;
				DEBUG_INFORMATION_FORMAT = "dwarf-with-dsym";
				ENABLE_NS_ASSERTIONS = NO;
				ENABLE_STRICT_OBJC_MSGSEND = YES;
				GCC_C_LANGUAGE_STANDARD = gnu11;
				GCC_NO_COMMON_BLOCKS = YES;
				GCC_WARN_64_TO_32_BIT_CONVERSION = YES;
				GCC_WARN_ABOUT_RETURN_TYPE = YES_ERROR;
				GCC_WARN_UNDECLARED_SELECTOR = YES;
				GCC_WARN_UNINITIALIZED_AUTOS = YES_AGGRESSIVE;
				GCC_WARN_UNUSED_FUNCTION = YES;
				GCC_WARN_UNUSED_VARIABLE = YES;
				MACOSX_DEPLOYMENT_TARGET = 10.13;
				MTL_ENABLE_DEBUG_INFO = NO;
				SDKROOT = macosx;
				SWIFT_OPTIMIZATION_LEVEL = "-Owholemodule";
			};
			name = Release;
		};
		D98280872015491C00708CDB /* Debug */ = {
			isa = XCBuildConfiguration;
			buildSettings = {
				CLANG_ENABLE_MODULES = YES;
				CODE_SIGN_STYLE = Automatic;
				DEVELOPMENT_TEAM = 4KG26Y879R;
				LD_RUNPATH_SEARCH_PATHS = "$(inherited) @executable_path/../Frameworks @loader_path/../Frameworks";
				PRODUCT_NAME = "$(TARGET_NAME)";
				SWIFT_OBJC_BRIDGING_HEADER = "CryptoBot/CryptoBot-Bridging-Header.h";
				SWIFT_OPTIMIZATION_LEVEL = "-Onone";
				SWIFT_VERSION = 4.0;
			};
			name = Debug;
		};
		D98280882015491C00708CDB /* Release */ = {
			isa = XCBuildConfiguration;
			buildSettings = {
				CLANG_ENABLE_MODULES = YES;
				CODE_SIGN_STYLE = Automatic;
				DEVELOPMENT_TEAM = 4KG26Y879R;
				LD_RUNPATH_SEARCH_PATHS = "$(inherited) @executable_path/../Frameworks @loader_path/../Frameworks";
				PRODUCT_NAME = "$(TARGET_NAME)";
				SWIFT_OBJC_BRIDGING_HEADER = "CryptoBot/CryptoBot-Bridging-Header.h";
				SWIFT_VERSION = 4.0;
			};
			name = Release;
		};
/* End XCBuildConfiguration section */

/* Begin XCConfigurationList section */
		D982807A2015491C00708CDB /* Build configuration list for PBXProject "CryptoBot" */ = {
			isa = XCConfigurationList;
			buildConfigurations = (
				D98280842015491C00708CDB /* Debug */,
				D98280852015491C00708CDB /* Release */,
			);
			defaultConfigurationIsVisible = 0;
			defaultConfigurationName = Release;
		};
		D98280862015491C00708CDB /* Build configuration list for PBXNativeTarget "CryptoBot" */ = {
			isa = XCConfigurationList;
			buildConfigurations = (
				D98280872015491C00708CDB /* Debug */,
				D98280882015491C00708CDB /* Release */,
			);
			defaultConfigurationIsVisible = 0;
			defaultConfigurationName = Release;
		};
/* End XCConfigurationList section */
	};
	rootObject = D98280772015491C00708CDB /* Project object */;
}
